// !$*UTF8*$!
{
	archiveVersion = 1;
	classes = {
	};
	objectVersion = 55;
	objects = {

/* Begin PBXBuildFile section */
		63673D8B2AFDF11600E98EC8 /* fourthDetailViewController.swift in Sources */ = {isa = PBXBuildFile; fileRef = 63673D8A2AFDF11600E98EC8 /* fourthDetailViewController.swift */; };
		63ADD8DA2AFD0CCC0010CF61 /* thirdViewController.swift in Sources */ = {isa = PBXBuildFile; fileRef = 63ADD8D92AFD0CCC0010CF61 /* thirdViewController.swift */; };
		63ADD8DC2AFD0E3C0010CF61 /* thirdDetailViewController.swift in Sources */ = {isa = PBXBuildFile; fileRef = 63ADD8DB2AFD0E3C0010CF61 /* thirdDetailViewController.swift */; };
		63ADD8DE2AFD11F90010CF61 /* fourthViewController.swift in Sources */ = {isa = PBXBuildFile; fileRef = 63ADD8DD2AFD11F90010CF61 /* fourthViewController.swift */; };
		63ADD8E02AFD12B20010CF61 /* fifthViewController.swift in Sources */ = {isa = PBXBuildFile; fileRef = 63ADD8DF2AFD12B20010CF61 /* fifthViewController.swift */; };
		63FA373C2AFA5E6D006F2AB7 /* AppDelegate.swift in Sources */ = {isa = PBXBuildFile; fileRef = 63FA373B2AFA5E6D006F2AB7 /* AppDelegate.swift */; };
		63FA373E2AFA5E6E006F2AB7 /* SceneDelegate.swift in Sources */ = {isa = PBXBuildFile; fileRef = 63FA373D2AFA5E6E006F2AB7 /* SceneDelegate.swift */; };
		63FA37402AFA5E6E006F2AB7 /* ViewController.swift in Sources */ = {isa = PBXBuildFile; fileRef = 63FA373F2AFA5E6E006F2AB7 /* ViewController.swift */; };
		63FA37432AFA5E6E006F2AB7 /* Main.storyboard in Resources */ = {isa = PBXBuildFile; fileRef = 63FA37412AFA5E6E006F2AB7 /* Main.storyboard */; };
		63FA37452AFA5E71006F2AB7 /* Assets.xcassets in Resources */ = {isa = PBXBuildFile; fileRef = 63FA37442AFA5E71006F2AB7 /* Assets.xcassets */; };
		63FA37482AFA5E71006F2AB7 /* LaunchScreen.storyboard in Resources */ = {isa = PBXBuildFile; fileRef = 63FA37462AFA5E71006F2AB7 /* LaunchScreen.storyboard */; };
		63FA37532AFA5E72006F2AB7 /* CandyAppReview_HW9_V2Tests.swift in Sources */ = {isa = PBXBuildFile; fileRef = 63FA37522AFA5E72006F2AB7 /* CandyAppReview_HW9_V2Tests.swift */; };
		63FA375D2AFA5E72006F2AB7 /* CandyAppReview_HW9_V2UITests.swift in Sources */ = {isa = PBXBuildFile; fileRef = 63FA375C2AFA5E72006F2AB7 /* CandyAppReview_HW9_V2UITests.swift */; };
		63FA375F2AFA5E72006F2AB7 /* CandyAppReview_HW9_V2UITestsLaunchTests.swift in Sources */ = {isa = PBXBuildFile; fileRef = 63FA375E2AFA5E72006F2AB7 /* CandyAppReview_HW9_V2UITestsLaunchTests.swift */; };
		63FA376C2AFA6033006F2AB7 /* detailViewController.swift in Sources */ = {isa = PBXBuildFile; fileRef = 63FA376B2AFA6032006F2AB7 /* detailViewController.swift */; };
		63FA376E2AFA641C006F2AB7 /* secondDetailViewController.swift in Sources */ = {isa = PBXBuildFile; fileRef = 63FA376D2AFA641C006F2AB7 /* secondDetailViewController.swift */; };
		63FA37702AFA66D2006F2AB7 /* Property List.plist in Resources */ = {isa = PBXBuildFile; fileRef = 63FA376F2AFA66D2006F2AB7 /* Property List.plist */; };
		63FA37722AFA74D7006F2AB7 /* secondViewController.swift in Sources */ = {isa = PBXBuildFile; fileRef = 63FA37712AFA74D6006F2AB7 /* secondViewController.swift */; };
/* End PBXBuildFile section */

/* Begin PBXContainerItemProxy section */
		63FA374F2AFA5E72006F2AB7 /* PBXContainerItemProxy */ = {
			isa = PBXContainerItemProxy;
			containerPortal = 63FA37302AFA5E6D006F2AB7 /* Project object */;
			proxyType = 1;
			remoteGlobalIDString = 63FA37372AFA5E6D006F2AB7;
			remoteInfo = CandyAppReview.HW9_V2;
		};
		63FA37592AFA5E72006F2AB7 /* PBXContainerItemProxy */ = {
			isa = PBXContainerItemProxy;
			containerPortal = 63FA37302AFA5E6D006F2AB7 /* Project object */;
			proxyType = 1;
			remoteGlobalIDString = 63FA37372AFA5E6D006F2AB7;
			remoteInfo = CandyAppReview.HW9_V2;
		};
/* End PBXContainerItemProxy section */

/* Begin PBXFileReference section */
		63673D8A2AFDF11600E98EC8 /* fourthDetailViewController.swift */ = {isa = PBXFileReference; lastKnownFileType = sourcecode.swift; path = fourthDetailViewController.swift; sourceTree = "<group>"; };
		63ADD8D92AFD0CCC0010CF61 /* thirdViewController.swift */ = {isa = PBXFileReference; lastKnownFileType = sourcecode.swift; path = thirdViewController.swift; sourceTree = "<group>"; };
		63ADD8DB2AFD0E3C0010CF61 /* thirdDetailViewController.swift */ = {isa = PBXFileReference; lastKnownFileType = sourcecode.swift; path = thirdDetailViewController.swift; sourceTree = "<group>"; };
		63ADD8DD2AFD11F90010CF61 /* fourthViewController.swift */ = {isa = PBXFileReference; lastKnownFileType = sourcecode.swift; path = fourthViewController.swift; sourceTree = "<group>"; };
		63ADD8DF2AFD12B20010CF61 /* fifthViewController.swift */ = {isa = PBXFileReference; lastKnownFileType = sourcecode.swift; path = fifthViewController.swift; sourceTree = "<group>"; };
		63FA37382AFA5E6D006F2AB7 /* CandyAppReview.HW9_V2.app */ = {isa = PBXFileReference; explicitFileType = wrapper.application; includeInIndex = 0; path = CandyAppReview.HW9_V2.app; sourceTree = BUILT_PRODUCTS_DIR; };
		63FA373B2AFA5E6D006F2AB7 /* AppDelegate.swift */ = {isa = PBXFileReference; lastKnownFileType = sourcecode.swift; path = AppDelegate.swift; sourceTree = "<group>"; };
		63FA373D2AFA5E6E006F2AB7 /* SceneDelegate.swift */ = {isa = PBXFileReference; lastKnownFileType = sourcecode.swift; path = SceneDelegate.swift; sourceTree = "<group>"; };
		63FA373F2AFA5E6E006F2AB7 /* ViewController.swift */ = {isa = PBXFileReference; lastKnownFileType = sourcecode.swift; path = ViewController.swift; sourceTree = "<group>"; };
		63FA37422AFA5E6E006F2AB7 /* Base */ = {isa = PBXFileReference; lastKnownFileType = file.storyboard; name = Base; path = Base.lproj/Main.storyboard; sourceTree = "<group>"; };
		63FA37442AFA5E71006F2AB7 /* Assets.xcassets */ = {isa = PBXFileReference; lastKnownFileType = folder.assetcatalog; path = Assets.xcassets; sourceTree = "<group>"; };
		63FA37472AFA5E71006F2AB7 /* Base */ = {isa = PBXFileReference; lastKnownFileType = file.storyboard; name = Base; path = Base.lproj/LaunchScreen.storyboard; sourceTree = "<group>"; };
		63FA37492AFA5E71006F2AB7 /* Info.plist */ = {isa = PBXFileReference; lastKnownFileType = text.plist.xml; path = Info.plist; sourceTree = "<group>"; };
		63FA374E2AFA5E72006F2AB7 /* CandyAppReview.HW9_V2Tests.xctest */ = {isa = PBXFileReference; explicitFileType = wrapper.cfbundle; includeInIndex = 0; path = CandyAppReview.HW9_V2Tests.xctest; sourceTree = BUILT_PRODUCTS_DIR; };
		63FA37522AFA5E72006F2AB7 /* CandyAppReview_HW9_V2Tests.swift */ = {isa = PBXFileReference; lastKnownFileType = sourcecode.swift; path = CandyAppReview_HW9_V2Tests.swift; sourceTree = "<group>"; };
		63FA37582AFA5E72006F2AB7 /* CandyAppReview.HW9_V2UITests.xctest */ = {isa = PBXFileReference; explicitFileType = wrapper.cfbundle; includeInIndex = 0; path = CandyAppReview.HW9_V2UITests.xctest; sourceTree = BUILT_PRODUCTS_DIR; };
		63FA375C2AFA5E72006F2AB7 /* CandyAppReview_HW9_V2UITests.swift */ = {isa = PBXFileReference; lastKnownFileType = sourcecode.swift; path = CandyAppReview_HW9_V2UITests.swift; sourceTree = "<group>"; };
		63FA375E2AFA5E72006F2AB7 /* CandyAppReview_HW9_V2UITestsLaunchTests.swift */ = {isa = PBXFileReference; lastKnownFileType = sourcecode.swift; path = CandyAppReview_HW9_V2UITestsLaunchTests.swift; sourceTree = "<group>"; };
		63FA376B2AFA6032006F2AB7 /* detailViewController.swift */ = {isa = PBXFileReference; lastKnownFileType = sourcecode.swift; path = detailViewController.swift; sourceTree = "<group>"; };
		63FA376D2AFA641C006F2AB7 /* secondDetailViewController.swift */ = {isa = PBXFileReference; lastKnownFileType = sourcecode.swift; path = secondDetailViewController.swift; sourceTree = "<group>"; };
		63FA376F2AFA66D2006F2AB7 /* Property List.plist */ = {isa = PBXFileReference; lastKnownFileType = text.plist.xml; path = "Property List.plist"; sourceTree = "<group>"; };
		63FA37712AFA74D6006F2AB7 /* secondViewController.swift */ = {isa = PBXFileReference; lastKnownFileType = sourcecode.swift; path = secondViewController.swift; sourceTree = "<group>"; };
/* End PBXFileReference section */

/* Begin PBXFrameworksBuildPhase section */
		63FA37352AFA5E6D006F2AB7 /* Frameworks */ = {
			isa = PBXFrameworksBuildPhase;
			buildActionMask = 2147483647;
			files = (
			);
			runOnlyForDeploymentPostprocessing = 0;
		};
		63FA374B2AFA5E72006F2AB7 /* Frameworks */ = {
			isa = PBXFrameworksBuildPhase;
			buildActionMask = 2147483647;
			files = (
			);
			runOnlyForDeploymentPostprocessing = 0;
		};
		63FA37552AFA5E72006F2AB7 /* Frameworks */ = {
			isa = PBXFrameworksBuildPhase;
			buildActionMask = 2147483647;
			files = (
			);
			runOnlyForDeploymentPostprocessing = 0;
		};
/* End PBXFrameworksBuildPhase section */

/* Begin PBXGroup section */
		63FA372F2AFA5E6D006F2AB7 = {
			isa = PBXGroup;
			children = (
				63FA373A2AFA5E6D006F2AB7 /* CandyAppReview.HW9_V2 */,
				63FA37512AFA5E72006F2AB7 /* CandyAppReview.HW9_V2Tests */,
				63FA375B2AFA5E72006F2AB7 /* CandyAppReview.HW9_V2UITests */,
				63FA37392AFA5E6D006F2AB7 /* Products */,
			);
			sourceTree = "<group>";
		};
		63FA37392AFA5E6D006F2AB7 /* Products */ = {
			isa = PBXGroup;
			children = (
				63FA37382AFA5E6D006F2AB7 /* CandyAppReview.HW9_V2.app */,
				63FA374E2AFA5E72006F2AB7 /* CandyAppReview.HW9_V2Tests.xctest */,
				63FA37582AFA5E72006F2AB7 /* CandyAppReview.HW9_V2UITests.xctest */,
			);
			name = Products;
			sourceTree = "<group>";
		};
		63FA373A2AFA5E6D006F2AB7 /* CandyAppReview.HW9_V2 */ = {
			isa = PBXGroup;
			children = (
				63FA373B2AFA5E6D006F2AB7 /* AppDelegate.swift */,
				63FA373D2AFA5E6E006F2AB7 /* SceneDelegate.swift */,
				63FA373F2AFA5E6E006F2AB7 /* ViewController.swift */,
				63FA37412AFA5E6E006F2AB7 /* Main.storyboard */,
				63ADD8DF2AFD12B20010CF61 /* fifthViewController.swift */,
				63ADD8DD2AFD11F90010CF61 /* fourthViewController.swift */,
				63673D8A2AFDF11600E98EC8 /* fourthDetailViewController.swift */,
				63ADD8DB2AFD0E3C0010CF61 /* thirdDetailViewController.swift */,
				63ADD8D92AFD0CCC0010CF61 /* thirdViewController.swift */,
				63FA37712AFA74D6006F2AB7 /* secondViewController.swift */,
				63FA376D2AFA641C006F2AB7 /* secondDetailViewController.swift */,
				63FA376F2AFA66D2006F2AB7 /* Property List.plist */,
				63FA376B2AFA6032006F2AB7 /* detailViewController.swift */,
				63FA37442AFA5E71006F2AB7 /* Assets.xcassets */,
				63FA37462AFA5E71006F2AB7 /* LaunchScreen.storyboard */,
				63FA37492AFA5E71006F2AB7 /* Info.plist */,
			);
			path = CandyAppReview.HW9_V2;
			sourceTree = "<group>";
		};
		63FA37512AFA5E72006F2AB7 /* CandyAppReview.HW9_V2Tests */ = {
			isa = PBXGroup;
			children = (
				63FA37522AFA5E72006F2AB7 /* CandyAppReview_HW9_V2Tests.swift */,
			);
			path = CandyAppReview.HW9_V2Tests;
			sourceTree = "<group>";
		};
		63FA375B2AFA5E72006F2AB7 /* CandyAppReview.HW9_V2UITests */ = {
			isa = PBXGroup;
			children = (
				63FA375C2AFA5E72006F2AB7 /* CandyAppReview_HW9_V2UITests.swift */,
				63FA375E2AFA5E72006F2AB7 /* CandyAppReview_HW9_V2UITestsLaunchTests.swift */,
			);
			path = CandyAppReview.HW9_V2UITests;
			sourceTree = "<group>";
		};
/* End PBXGroup section */

/* Begin PBXNativeTarget section */
		63FA37372AFA5E6D006F2AB7 /* CandyAppReview.HW9_V2 */ = {
			isa = PBXNativeTarget;
			buildConfigurationList = 63FA37622AFA5E72006F2AB7 /* Build configuration list for PBXNativeTarget "CandyAppReview.HW9_V2" */;
			buildPhases = (
				63FA37342AFA5E6D006F2AB7 /* Sources */,
				63FA37352AFA5E6D006F2AB7 /* Frameworks */,
				63FA37362AFA5E6D006F2AB7 /* Resources */,
			);
			buildRules = (
			);
			dependencies = (
			);
			name = CandyAppReview.HW9_V2;
			productName = CandyAppReview.HW9_V2;
			productReference = 63FA37382AFA5E6D006F2AB7 /* CandyAppReview.HW9_V2.app */;
			productType = "com.apple.product-type.application";
		};
		63FA374D2AFA5E72006F2AB7 /* CandyAppReview.HW9_V2Tests */ = {
			isa = PBXNativeTarget;
			buildConfigurationList = 63FA37652AFA5E72006F2AB7 /* Build configuration list for PBXNativeTarget "CandyAppReview.HW9_V2Tests" */;
			buildPhases = (
				63FA374A2AFA5E72006F2AB7 /* Sources */,
				63FA374B2AFA5E72006F2AB7 /* Frameworks */,
				63FA374C2AFA5E72006F2AB7 /* Resources */,
			);
			buildRules = (
			);
			dependencies = (
				63FA37502AFA5E72006F2AB7 /* PBXTargetDependency */,
			);
			name = CandyAppReview.HW9_V2Tests;
			productName = CandyAppReview.HW9_V2Tests;
			productReference = 63FA374E2AFA5E72006F2AB7 /* CandyAppReview.HW9_V2Tests.xctest */;
			productType = "com.apple.product-type.bundle.unit-test";
		};
		63FA37572AFA5E72006F2AB7 /* CandyAppReview.HW9_V2UITests */ = {
			isa = PBXNativeTarget;
			buildConfigurationList = 63FA37682AFA5E72006F2AB7 /* Build configuration list for PBXNativeTarget "CandyAppReview.HW9_V2UITests" */;
			buildPhases = (
				63FA37542AFA5E72006F2AB7 /* Sources */,
				63FA37552AFA5E72006F2AB7 /* Frameworks */,
				63FA37562AFA5E72006F2AB7 /* Resources */,
			);
			buildRules = (
			);
			dependencies = (
				63FA375A2AFA5E72006F2AB7 /* PBXTargetDependency */,
			);
			name = CandyAppReview.HW9_V2UITests;
			productName = CandyAppReview.HW9_V2UITests;
			productReference = 63FA37582AFA5E72006F2AB7 /* CandyAppReview.HW9_V2UITests.xctest */;
			productType = "com.apple.product-type.bundle.ui-testing";
		};
/* End PBXNativeTarget section */

/* Begin PBXProject section */
		63FA37302AFA5E6D006F2AB7 /* Project object */ = {
			isa = PBXProject;
			attributes = {
				BuildIndependentTargetsInParallel = 1;
				LastSwiftUpdateCheck = 1340;
				LastUpgradeCheck = 1340;
				TargetAttributes = {
					63FA37372AFA5E6D006F2AB7 = {
						CreatedOnToolsVersion = 13.4.1;
					};
					63FA374D2AFA5E72006F2AB7 = {
						CreatedOnToolsVersion = 13.4.1;
						TestTargetID = 63FA37372AFA5E6D006F2AB7;
					};
					63FA37572AFA5E72006F2AB7 = {
						CreatedOnToolsVersion = 13.4.1;
						TestTargetID = 63FA37372AFA5E6D006F2AB7;
					};
				};
			};
			buildConfigurationList = 63FA37332AFA5E6D006F2AB7 /* Build configuration list for PBXProject "CandyAppReview.HW9_V2" */;
			compatibilityVersion = "Xcode 13.0";
			developmentRegion = en;
			hasScannedForEncodings = 0;
			knownRegions = (
				en,
				Base,
			);
			mainGroup = 63FA372F2AFA5E6D006F2AB7;
			productRefGroup = 63FA37392AFA5E6D006F2AB7 /* Products */;
			projectDirPath = "";
			projectRoot = "";
			targets = (
				63FA37372AFA5E6D006F2AB7 /* CandyAppReview.HW9_V2 */,
				63FA374D2AFA5E72006F2AB7 /* CandyAppReview.HW9_V2Tests */,
				63FA37572AFA5E72006F2AB7 /* CandyAppReview.HW9_V2UITests */,
			);
		};
/* End PBXProject section */

/* Begin PBXResourcesBuildPhase section */
		63FA37362AFA5E6D006F2AB7 /* Resources */ = {
			isa = PBXResourcesBuildPhase;
			buildActionMask = 2147483647;
			files = (
				63FA37482AFA5E71006F2AB7 /* LaunchScreen.storyboard in Resources */,
				63FA37452AFA5E71006F2AB7 /* Assets.xcassets in Resources */,
				63FA37702AFA66D2006F2AB7 /* Property List.plist in Resources */,
				63FA37432AFA5E6E006F2AB7 /* Main.storyboard in Resources */,
			);
			runOnlyForDeploymentPostprocessing = 0;
		};
		63FA374C2AFA5E72006F2AB7 /* Resources */ = {
			isa = PBXResourcesBuildPhase;
			buildActionMask = 2147483647;
			files = (
			);
			runOnlyForDeploymentPostprocessing = 0;
		};
		63FA37562AFA5E72006F2AB7 /* Resources */ = {
			isa = PBXResourcesBuildPhase;
			buildActionMask = 2147483647;
			files = (
			);
			runOnlyForDeploymentPostprocessing = 0;
		};
/* End PBXResourcesBuildPhase section */

/* Begin PBXSourcesBuildPhase section */
		63FA37342AFA5E6D006F2AB7 /* Sources */ = {
			isa = PBXSourcesBuildPhase;
			buildActionMask = 2147483647;
			files = (
				63FA37402AFA5E6E006F2AB7 /* ViewController.swift in Sources */,
				63ADD8DA2AFD0CCC0010CF61 /* thirdViewController.swift in Sources */,
				63FA373C2AFA5E6D006F2AB7 /* AppDelegate.swift in Sources */,
				63673D8B2AFDF11600E98EC8 /* fourthDetailViewController.swift in Sources */,
				63FA376E2AFA641C006F2AB7 /* secondDetailViewController.swift in Sources */,
				63FA373E2AFA5E6E006F2AB7 /* SceneDelegate.swift in Sources */,
				63ADD8DE2AFD11F90010CF61 /* fourthViewController.swift in Sources */,
				63ADD8E02AFD12B20010CF61 /* fifthViewController.swift in Sources */,
				63FA37722AFA74D7006F2AB7 /* secondViewController.swift in Sources */,
				63FA376C2AFA6033006F2AB7 /* detailViewController.swift in Sources */,
				63ADD8DC2AFD0E3C0010CF61 /* thirdDetailViewController.swift in Sources */,
			);
			runOnlyForDeploymentPostprocessing = 0;
		};
		63FA374A2AFA5E72006F2AB7 /* Sources */ = {
			isa = PBXSourcesBuildPhase;
			buildActionMask = 2147483647;
			files = (
				63FA37532AFA5E72006F2AB7 /* CandyAppReview_HW9_V2Tests.swift in Sources */,
			);
			runOnlyForDeploymentPostprocessing = 0;
		};
		63FA37542AFA5E72006F2AB7 /* Sources */ = {
			isa = PBXSourcesBuildPhase;
			buildActionMask = 2147483647;
			files = (
				63FA375D2AFA5E72006F2AB7 /* CandyAppReview_HW9_V2UITests.swift in Sources */,
				63FA375F2AFA5E72006F2AB7 /* CandyAppReview_HW9_V2UITestsLaunchTests.swift in Sources */,
			);
			runOnlyForDeploymentPostprocessing = 0;
		};
/* End PBXSourcesBuildPhase section */

/* Begin PBXTargetDependency section */
		63FA37502AFA5E72006F2AB7 /* PBXTargetDependency */ = {
			isa = PBXTargetDependency;
			target = 63FA37372AFA5E6D006F2AB7 /* CandyAppReview.HW9_V2 */;
			targetProxy = 63FA374F2AFA5E72006F2AB7 /* PBXContainerItemProxy */;
		};
		63FA375A2AFA5E72006F2AB7 /* PBXTargetDependency */ = {
			isa = PBXTargetDependency;
			target = 63FA37372AFA5E6D006F2AB7 /* CandyAppReview.HW9_V2 */;
			targetProxy = 63FA37592AFA5E72006F2AB7 /* PBXContainerItemProxy */;
		};
/* End PBXTargetDependency section */

/* Begin PBXVariantGroup section */
		63FA37412AFA5E6E006F2AB7 /* Main.storyboard */ = {
			isa = PBXVariantGroup;
			children = (
				63FA37422AFA5E6E006F2AB7 /* Base */,
			);
			name = Main.storyboard;
			sourceTree = "<group>";
		};
		63FA37462AFA5E71006F2AB7 /* LaunchScreen.storyboard */ = {
			isa = PBXVariantGroup;
			children = (
				63FA37472AFA5E71006F2AB7 /* Base */,
			);
			name = LaunchScreen.storyboard;
			sourceTree = "<group>";
		};
/* End PBXVariantGroup section */

/* Begin XCBuildConfiguration section */
		63FA37602AFA5E72006F2AB7 /* Debug */ = {
			isa = XCBuildConfiguration;
			buildSettings = {
				ALWAYS_SEARCH_USER_PATHS = NO;
				CLANG_ANALYZER_NONNULL = YES;
				CLANG_ANALYZER_NUMBER_OBJECT_CONVERSION = YES_AGGRESSIVE;
				CLANG_CXX_LANGUAGE_STANDARD = "gnu++17";
				CLANG_ENABLE_MODULES = YES;
				CLANG_ENABLE_OBJC_ARC = YES;
				CLANG_ENABLE_OBJC_WEAK = YES;
				CLANG_WARN_BLOCK_CAPTURE_AUTORELEASING = YES;
				CLANG_WARN_BOOL_CONVERSION = YES;
				CLANG_WARN_COMMA = YES;
				CLANG_WARN_CONSTANT_CONVERSION = YES;
				CLANG_WARN_DEPRECATED_OBJC_IMPLEMENTATIONS = YES;
				CLANG_WARN_DIRECT_OBJC_ISA_USAGE = YES_ERROR;
				CLANG_WARN_DOCUMENTATION_COMMENTS = YES;
				CLANG_WARN_EMPTY_BODY = YES;
				CLANG_WARN_ENUM_CONVERSION = YES;
				CLANG_WARN_INFINITE_RECURSION = YES;
				CLANG_WARN_INT_CONVERSION = YES;
				CLANG_WARN_NON_LITERAL_NULL_CONVERSION = YES;
				CLANG_WARN_OBJC_IMPLICIT_RETAIN_SELF = YES;
				CLANG_WARN_OBJC_LITERAL_CONVERSION = YES;
				CLANG_WARN_OBJC_ROOT_CLASS = YES_ERROR;
				CLANG_WARN_QUOTED_INCLUDE_IN_FRAMEWORK_HEADER = YES;
				CLANG_WARN_RANGE_LOOP_ANALYSIS = YES;
				CLANG_WARN_STRICT_PROTOTYPES = YES;
				CLANG_WARN_SUSPICIOUS_MOVE = YES;
				CLANG_WARN_UNGUARDED_AVAILABILITY = YES_AGGRESSIVE;
				CLANG_WARN_UNREACHABLE_CODE = YES;
				CLANG_WARN__DUPLICATE_METHOD_MATCH = YES;
				COPY_PHASE_STRIP = NO;
				DEBUG_INFORMATION_FORMAT = dwarf;
				ENABLE_STRICT_OBJC_MSGSEND = YES;
				ENABLE_TESTABILITY = YES;
				GCC_C_LANGUAGE_STANDARD = gnu11;
				GCC_DYNAMIC_NO_PIC = NO;
				GCC_NO_COMMON_BLOCKS = YES;
				GCC_OPTIMIZATION_LEVEL = 0;
				GCC_PREPROCESSOR_DEFINITIONS = (
					"DEBUG=1",
					"$(inherited)",
				);
				GCC_WARN_64_TO_32_BIT_CONVERSION = YES;
				GCC_WARN_ABOUT_RETURN_TYPE = YES_ERROR;
				GCC_WARN_UNDECLARED_SELECTOR = YES;
				GCC_WARN_UNINITIALIZED_AUTOS = YES_AGGRESSIVE;
				GCC_WARN_UNUSED_FUNCTION = YES;
				GCC_WARN_UNUSED_VARIABLE = YES;
				IPHONEOS_DEPLOYMENT_TARGET = 15.5;
				MTL_ENABLE_DEBUG_INFO = INCLUDE_SOURCE;
				MTL_FAST_MATH = YES;
				ONLY_ACTIVE_ARCH = YES;
				SDKROOT = iphoneos;
				SWIFT_ACTIVE_COMPILATION_CONDITIONS = DEBUG;
				SWIFT_OPTIMIZATION_LEVEL = "-Onone";
			};
			name = Debug;
		};
		63FA37612AFA5E72006F2AB7 /* Release */ = {
			isa = XCBuildConfiguration;
			buildSettings = {
				ALWAYS_SEARCH_USER_PATHS = NO;
				CLANG_ANALYZER_NONNULL = YES;
				CLANG_ANALYZER_NUMBER_OBJECT_CONVERSION = YES_AGGRESSIVE;
				CLANG_CXX_LANGUAGE_STANDARD = "gnu++17";
				CLANG_ENABLE_MODULES = YES;
				CLANG_ENABLE_OBJC_ARC = YES;
				CLANG_ENABLE_OBJC_WEAK = YES;
				CLANG_WARN_BLOCK_CAPTURE_AUTORELEASING = YES;
				CLANG_WARN_BOOL_CONVERSION = YES;
				CLANG_WARN_COMMA = YES;
				CLANG_WARN_CONSTANT_CONVERSION = YES;
				CLANG_WARN_DEPRECATED_OBJC_IMPLEMENTATIONS = YES;
				CLANG_WARN_DIRECT_OBJC_ISA_USAGE = YES_ERROR;
				CLANG_WARN_DOCUMENTATION_COMMENTS = YES;
				CLANG_WARN_EMPTY_BODY = YES;
				CLANG_WARN_ENUM_CONVERSION = YES;
				CLANG_WARN_INFINITE_RECURSION = YES;
				CLANG_WARN_INT_CONVERSION = YES;
				CLANG_WARN_NON_LITERAL_NULL_CONVERSION = YES;
				CLANG_WARN_OBJC_IMPLICIT_RETAIN_SELF = YES;
				CLANG_WARN_OBJC_LITERAL_CONVERSION = YES;
				CLANG_WARN_OBJC_ROOT_CLASS = YES_ERROR;
				CLANG_WARN_QUOTED_INCLUDE_IN_FRAMEWORK_HEADER = YES;
				CLANG_WARN_RANGE_LOOP_ANALYSIS = YES;
				CLANG_WARN_STRICT_PROTOTYPES = YES;
				CLANG_WARN_SUSPICIOUS_MOVE = YES;
				CLANG_WARN_UNGUARDED_AVAILABILITY = YES_AGGRESSIVE;
				CLANG_WARN_UNREACHABLE_CODE = YES;
				CLANG_WARN__DUPLICATE_METHOD_MATCH = YES;
				COPY_PHASE_STRIP = NO;
				DEBUG_INFORMATION_FORMAT = "dwarf-with-dsym";
				ENABLE_NS_ASSERTIONS = NO;
				ENABLE_STRICT_OBJC_MSGSEND = YES;
				GCC_C_LANGUAGE_STANDARD = gnu11;
				GCC_NO_COMMON_BLOCKS = YES;
				GCC_WARN_64_TO_32_BIT_CONVERSION = YES;
				GCC_WARN_ABOUT_RETURN_TYPE = YES_ERROR;
				GCC_WARN_UNDECLARED_SELECTOR = YES;
				GCC_WARN_UNINITIALIZED_AUTOS = YES_AGGRESSIVE;
				GCC_WARN_UNUSED_FUNCTION = YES;
				GCC_WARN_UNUSED_VARIABLE = YES;
				IPHONEOS_DEPLOYMENT_TARGET = 15.5;
				MTL_ENABLE_DEBUG_INFO = NO;
				MTL_FAST_MATH = YES;
				SDKROOT = iphoneos;
				SWIFT_COMPILATION_MODE = wholemodule;
				SWIFT_OPTIMIZATION_LEVEL = "-O";
				VALIDATE_PRODUCT = YES;
			};
			name = Release;
		};
		63FA37632AFA5E72006F2AB7 /* Debug */ = {
			isa = XCBuildConfiguration;
			buildSettings = {
				ASSETCATALOG_COMPILER_APPICON_NAME = AppIcon;
				ASSETCATALOG_COMPILER_GLOBAL_ACCENT_COLOR_NAME = AccentColor;
				CODE_SIGN_STYLE = Automatic;
				CURRENT_PROJECT_VERSION = 1;
				DEVELOPMENT_TEAM = MRX2PG26QV;
				GENERATE_INFOPLIST_FILE = YES;
				INFOPLIST_FILE = CandyAppReview.HW9_V2/Info.plist;
				INFOPLIST_KEY_UIApplicationSupportsIndirectInputEvents = YES;
				INFOPLIST_KEY_UILaunchStoryboardName = LaunchScreen;
				INFOPLIST_KEY_UIMainStoryboardFile = Main;
				INFOPLIST_KEY_UISupportedInterfaceOrientations_iPad = "UIInterfaceOrientationPortrait UIInterfaceOrientationPortraitUpsideDown UIInterfaceOrientationLandscapeLeft UIInterfaceOrientationLandscapeRight";
				INFOPLIST_KEY_UISupportedInterfaceOrientations_iPhone = "UIInterfaceOrientationPortrait UIInterfaceOrientationLandscapeLeft UIInterfaceOrientationLandscapeRight";
				LD_RUNPATH_SEARCH_PATHS = (
					"$(inherited)",
					"@executable_path/Frameworks",
				);
				MARKETING_VERSION = 1.0;
				PRODUCT_BUNDLE_IDENTIFIER = "UHWO.CandyAppReview-HW9-V2";
				PRODUCT_NAME = "$(TARGET_NAME)";
				SWIFT_EMIT_LOC_STRINGS = YES;
				SWIFT_VERSION = 5.0;
				TARGETED_DEVICE_FAMILY = "1,2";
			};
			name = Debug;
		};
		63FA37642AFA5E72006F2AB7 /* Release */ = {
			isa = XCBuildConfiguration;
			buildSettings = {
				ASSETCATALOG_COMPILER_APPICON_NAME = AppIcon;
				ASSETCATALOG_COMPILER_GLOBAL_ACCENT_COLOR_NAME = AccentColor;
				CODE_SIGN_STYLE = Automatic;
				CURRENT_PROJECT_VERSION = 1;
				DEVELOPMENT_TEAM = MRX2PG26QV;
				GENERATE_INFOPLIST_FILE = YES;
				INFOPLIST_FILE = CandyAppReview.HW9_V2/Info.plist;
				INFOPLIST_KEY_UIApplicationSupportsIndirectInputEvents = YES;
				INFOPLIST_KEY_UILaunchStoryboardName = LaunchScreen;
				INFOPLIST_KEY_UIMainStoryboardFile = Main;
				INFOPLIST_KEY_UISupportedInterfaceOrientations_iPad = "UIInterfaceOrientationPortrait UIInterfaceOrientationPortraitUpsideDown UIInterfaceOrientationLandscapeLeft UIInterfaceOrientationLandscapeRight";
				INFOPLIST_KEY_UISupportedInterfaceOrientations_iPhone = "UIInterfaceOrientationPortrait UIInterfaceOrientationLandscapeLeft UIInterfaceOrientationLandscapeRight";
				LD_RUNPATH_SEARCH_PATHS = (
					"$(inherited)",
					"@executable_path/Frameworks",
				);
				MARKETING_VERSION = 1.0;
				PRODUCT_BUNDLE_IDENTIFIER = "UHWO.CandyAppReview-HW9-V2";
				PRODUCT_NAME = "$(TARGET_NAME)";
				SWIFT_EMIT_LOC_STRINGS = YES;
				SWIFT_VERSION = 5.0;
				TARGETED_DEVICE_FAMILY = "1,2";
			};
			name = Release;
		};
		63FA37662AFA5E72006F2AB7 /* Debug */ = {
			isa = XCBuildConfiguration;
			buildSettings = {
				ALWAYS_EMBED_SWIFT_STANDARD_LIBRARIES = YES;
				BUNDLE_LOADER = "$(TEST_HOST)";
				CODE_SIGN_STYLE = Automatic;
				CURRENT_PROJECT_VERSION = 1;
				DEVELOPMENT_TEAM = MRX2PG26QV;
				GENERATE_INFOPLIST_FILE = YES;
				IPHONEOS_DEPLOYMENT_TARGET = 15.5;
				MARKETING_VERSION = 1.0;
				PRODUCT_BUNDLE_IDENTIFIER = "UHWO.CandyAppReview-HW9-V2Tests";
				PRODUCT_NAME = "$(TARGET_NAME)";
				SWIFT_EMIT_LOC_STRINGS = NO;
				SWIFT_VERSION = 5.0;
				TARGETED_DEVICE_FAMILY = "1,2";
				TEST_HOST = "$(BUILT_PRODUCTS_DIR)/CandyAppReview.HW9_V2.app/CandyAppReview.HW9_V2";
			};
			name = Debug;
		};
		63FA37672AFA5E72006F2AB7 /* Release */ = {
			isa = XCBuildConfiguration;
			buildSettings = {
				ALWAYS_EMBED_SWIFT_STANDARD_LIBRARIES = YES;
				BUNDLE_LOADER = "$(TEST_HOST)";
				CODE_SIGN_STYLE = Automatic;
				CURRENT_PROJECT_VERSION = 1;
				DEVELOPMENT_TEAM = MRX2PG26QV;
				GENERATE_INFOPLIST_FILE = YES;
				IPHONEOS_DEPLOYMENT_TARGET = 15.5;
				MARKETING_VERSION = 1.0;
				PRODUCT_BUNDLE_IDENTIFIER = "UHWO.CandyAppReview-HW9-V2Tests";
				PRODUCT_NAME = "$(TARGET_NAME)";
				SWIFT_EMIT_LOC_STRINGS = NO;
				SWIFT_VERSION = 5.0;
				TARGETED_DEVICE_FAMILY = "1,2";
				TEST_HOST = "$(BUILT_PRODUCTS_DIR)/CandyAppReview.HW9_V2.app/CandyAppReview.HW9_V2";
			};
			name = Release;
		};
		63FA37692AFA5E72006F2AB7 /* Debug */ = {
			isa = XCBuildConfiguration;
			buildSettings = {
				ALWAYS_EMBED_SWIFT_STANDARD_LIBRARIES = YES;
				CODE_SIGN_STYLE = Automatic;
				CURRENT_PROJECT_VERSION = 1;
				DEVELOPMENT_TEAM = MRX2PG26QV;
				GENERATE_INFOPLIST_FILE = YES;
				MARKETING_VERSION = 1.0;
				PRODUCT_BUNDLE_IDENTIFIER = "UHWO.CandyAppReview-HW9-V2UITests";
				PRODUCT_NAME = "$(TARGET_NAME)";
				SWIFT_EMIT_LOC_STRINGS = NO;
				SWIFT_VERSION = 5.0;
				TARGETED_DEVICE_FAMILY = "1,2";
				TEST_TARGET_NAME = CandyAppReview.HW9_V2;
			};
			name = Debug;
		};
		63FA376A2AFA5E72006F2AB7 /* Release */ = {
			isa = XCBuildConfiguration;
			buildSettings = {
				ALWAYS_EMBED_SWIFT_STANDARD_LIBRARIES = YES;
				CODE_SIGN_STYLE = Automatic;
				CURRENT_PROJECT_VERSION = 1;
				DEVELOPMENT_TEAM = MRX2PG26QV;
				GENERATE_INFOPLIST_FILE = YES;
				MARKETING_VERSION = 1.0;
				PRODUCT_BUNDLE_IDENTIFIER = "UHWO.CandyAppReview-HW9-V2UITests";
				PRODUCT_NAME = "$(TARGET_NAME)";
				SWIFT_EMIT_LOC_STRINGS = NO;
				SWIFT_VERSION = 5.0;
				TARGETED_DEVICE_FAMILY = "1,2";
				TEST_TARGET_NAME = CandyAppReview.HW9_V2;
			};
			name = Release;
		};
/* End XCBuildConfiguration section */

/* Begin XCConfigurationList section */
		63FA37332AFA5E6D006F2AB7 /* Build configuration list for PBXProject "CandyAppReview.HW9_V2" */ = {
			isa = XCConfigurationList;
			buildConfigurations = (
				63FA37602AFA5E72006F2AB7 /* Debug */,
				63FA37612AFA5E72006F2AB7 /* Release */,
			);
			defaultConfigurationIsVisible = 0;
			defaultConfigurationName = Release;
		};
		63FA37622AFA5E72006F2AB7 /* Build configuration list for PBXNativeTarget "CandyAppReview.HW9_V2" */ = {
			isa = XCConfigurationList;
			buildConfigurations = (
				63FA37632AFA5E72006F2AB7 /* Debug */,
				63FA37642AFA5E72006F2AB7 /* Release */,
			);
			defaultConfigurationIsVisible = 0;
			defaultConfigurationName = Release;
		};
		63FA37652AFA5E72006F2AB7 /* Build configuration list for PBXNativeTarget "CandyAppReview.HW9_V2Tests" */ = {
			isa = XCConfigurationList;
			buildConfigurations = (
				63FA37662AFA5E72006F2AB7 /* Debug */,
				63FA37672AFA5E72006F2AB7 /* Release */,
			);
			defaultConfigurationIsVisible = 0;
			defaultConfigurationName = Release;
		};
		63FA37682AFA5E72006F2AB7 /* Build configuration list for PBXNativeTarget "CandyAppReview.HW9_V2UITests" */ = {
			isa = XCConfigurationList;
			buildConfigurations = (
				63FA37692AFA5E72006F2AB7 /* Debug */,
				63FA376A2AFA5E72006F2AB7 /* Release */,
			);
			defaultConfigurationIsVisible = 0;
			defaultConfigurationName = Release;
		};
/* End XCConfigurationList section */
	};
	rootObject = 63FA37302AFA5E6D006F2AB7 /* Project object */;
}
